// !$*UTF8*$!
{
	archiveVersion = 1;
	classes = {
	};
	objectVersion = 56;
	objects = {

/* Begin PBXBuildFile section */
		122A27562B4E2CA1003EF5BE /* NetworkService.swift in Sources */ = {isa = PBXBuildFile; fileRef = 122A27552B4E2CA1003EF5BE /* NetworkService.swift */; };
		12B171182B21BDC300708631 /* Thai_DictionaryApp.swift in Sources */ = {isa = PBXBuildFile; fileRef = 12B171172B21BDC300708631 /* Thai_DictionaryApp.swift */; };
		12B1711A2B21BDC300708631 /* HomeView.swift in Sources */ = {isa = PBXBuildFile; fileRef = 12B171192B21BDC300708631 /* HomeView.swift */; };
		12B1711C2B21BDC300708631 /* Assets.xcassets in Resources */ = {isa = PBXBuildFile; fileRef = 12B1711B2B21BDC300708631 /* Assets.xcassets */; };
		12B1711F2B21BDC300708631 /* Preview Assets.xcassets in Resources */ = {isa = PBXBuildFile; fileRef = 12B1711E2B21BDC300708631 /* Preview Assets.xcassets */; };
		12B171262B21BDF600708631 /* DetailView.swift in Sources */ = {isa = PBXBuildFile; fileRef = 12B171252B21BDF600708631 /* DetailView.swift */; };
		12B171282B21CA1200708631 /* AllVocabsView.swift in Sources */ = {isa = PBXBuildFile; fileRef = 12B171272B21CA1200708631 /* AllVocabsView.swift */; };
		12B1712B2B21CC1A00708631 /* VocabularyViewModel.swift in Sources */ = {isa = PBXBuildFile; fileRef = 12B1712A2B21CC1A00708631 /* VocabularyViewModel.swift */; };
		12B1712E2B21D32500708631 /* VocabularyModel.swift in Sources */ = {isa = PBXBuildFile; fileRef = 12B1712D2B21D32500708631 /* VocabularyModel.swift */; };
		12BAF77E2B22D77E00AA38D0 /* SearchView.swift in Sources */ = {isa = PBXBuildFile; fileRef = 12BAF77D2B22D77E00AA38D0 /* SearchView.swift */; };
		12BAF7802B22EBC300AA38D0 /* AllCharacter.swift in Sources */ = {isa = PBXBuildFile; fileRef = 12BAF77F2B22EBC300AA38D0 /* AllCharacter.swift */; };
		12BAF7822B23090300AA38D0 /* BookmarkView.swift in Sources */ = {isa = PBXBuildFile; fileRef = 12BAF7812B23090300AA38D0 /* BookmarkView.swift */; };
/* End PBXBuildFile section */

/* Begin PBXFileReference section */
		122A27552B4E2CA1003EF5BE /* NetworkService.swift */ = {isa = PBXFileReference; lastKnownFileType = sourcecode.swift; path = NetworkService.swift; sourceTree = "<group>"; };
		12B171142B21BDC300708631 /* Thai-Dictionary.app */ = {isa = PBXFileReference; explicitFileType = wrapper.application; includeInIndex = 0; path = "Thai-Dictionary.app"; sourceTree = BUILT_PRODUCTS_DIR; };
		12B171172B21BDC300708631 /* Thai_DictionaryApp.swift */ = {isa = PBXFileReference; lastKnownFileType = sourcecode.swift; path = Thai_DictionaryApp.swift; sourceTree = "<group>"; };
		12B171192B21BDC300708631 /* HomeView.swift */ = {isa = PBXFileReference; lastKnownFileType = sourcecode.swift; path = HomeView.swift; sourceTree = "<group>"; };
		12B1711B2B21BDC300708631 /* Assets.xcassets */ = {isa = PBXFileReference; lastKnownFileType = folder.assetcatalog; path = Assets.xcassets; sourceTree = "<group>"; };
		12B1711E2B21BDC300708631 /* Preview Assets.xcassets */ = {isa = PBXFileReference; lastKnownFileType = folder.assetcatalog; path = "Preview Assets.xcassets"; sourceTree = "<group>"; };
		12B171252B21BDF600708631 /* DetailView.swift */ = {isa = PBXFileReference; lastKnownFileType = sourcecode.swift; path = DetailView.swift; sourceTree = "<group>"; };
		12B171272B21CA1200708631 /* AllVocabsView.swift */ = {isa = PBXFileReference; lastKnownFileType = sourcecode.swift; path = AllVocabsView.swift; sourceTree = "<group>"; };
		12B1712A2B21CC1A00708631 /* VocabularyViewModel.swift */ = {isa = PBXFileReference; lastKnownFileType = sourcecode.swift; path = VocabularyViewModel.swift; sourceTree = "<group>"; };
		12B1712D2B21D32500708631 /* VocabularyModel.swift */ = {isa = PBXFileReference; lastKnownFileType = sourcecode.swift; path = VocabularyModel.swift; sourceTree = "<group>"; };
		12BAF77D2B22D77E00AA38D0 /* SearchView.swift */ = {isa = PBXFileReference; lastKnownFileType = sourcecode.swift; path = SearchView.swift; sourceTree = "<group>"; };
		12BAF77F2B22EBC300AA38D0 /* AllCharacter.swift */ = {isa = PBXFileReference; lastKnownFileType = sourcecode.swift; path = AllCharacter.swift; sourceTree = "<group>"; };
		12BAF7812B23090300AA38D0 /* BookmarkView.swift */ = {isa = PBXFileReference; lastKnownFileType = sourcecode.swift; path = BookmarkView.swift; sourceTree = "<group>"; };
/* End PBXFileReference section */

/* Begin PBXFrameworksBuildPhase section */
		12B171112B21BDC300708631 /* Frameworks */ = {
			isa = PBXFrameworksBuildPhase;
			buildActionMask = 2147483647;
			files = (
			);
			runOnlyForDeploymentPostprocessing = 0;
		};
/* End PBXFrameworksBuildPhase section */

/* Begin PBXGroup section */
		12B1710B2B21BDC200708631 = {
			isa = PBXGroup;
			children = (
				12B171162B21BDC300708631 /* Thai-Dictionary */,
				12B171152B21BDC300708631 /* Products */,
			);
			sourceTree = "<group>";
		};
		12B171152B21BDC300708631 /* Products */ = {
			isa = PBXGroup;
			children = (
				12B171142B21BDC300708631 /* Thai-Dictionary.app */,
			);
			name = Products;
			sourceTree = "<group>";
		};
		12B171162B21BDC300708631 /* Thai-Dictionary */ = {
			isa = PBXGroup;
			children = (
				12BAF7832B23246A00AA38D0 /* Services */,
				12B1712C2B21D31400708631 /* Models */,
				12B171292B21CBEA00708631 /* ViewModels */,
				12B1712F2B21E29D00708631 /* Views */,
				12B171172B21BDC300708631 /* Thai_DictionaryApp.swift */,
				12B1711B2B21BDC300708631 /* Assets.xcassets */,
				12B1711D2B21BDC300708631 /* Preview Content */,
			);
			path = "Thai-Dictionary";
			sourceTree = "<group>";
		};
		12B1711D2B21BDC300708631 /* Preview Content */ = {
			isa = PBXGroup;
			children = (
				12B1711E2B21BDC300708631 /* Preview Assets.xcassets */,
			);
			path = "Preview Content";
			sourceTree = "<group>";
		};
		12B171292B21CBEA00708631 /* ViewModels */ = {
			isa = PBXGroup;
			children = (
				12B1712A2B21CC1A00708631 /* VocabularyViewModel.swift */,
			);
			path = ViewModels;
			sourceTree = "<group>";
		};
		12B1712C2B21D31400708631 /* Models */ = {
			isa = PBXGroup;
			children = (
				12B1712D2B21D32500708631 /* VocabularyModel.swift */,
			);
			path = Models;
			sourceTree = "<group>";
		};
		12B1712F2B21E29D00708631 /* Views */ = {
			isa = PBXGroup;
			children = (
				12B171192B21BDC300708631 /* HomeView.swift */,
				12B171252B21BDF600708631 /* DetailView.swift */,
				12B171272B21CA1200708631 /* AllVocabsView.swift */,
				12BAF77D2B22D77E00AA38D0 /* SearchView.swift */,
				12BAF77F2B22EBC300AA38D0 /* AllCharacter.swift */,
				12BAF7812B23090300AA38D0 /* BookmarkView.swift */,
			);
			path = Views;
			sourceTree = "<group>";
		};
		12BAF7832B23246A00AA38D0 /* Services */ = {
			isa = PBXGroup;
			children = (
				122A27552B4E2CA1003EF5BE /* NetworkService.swift */,
			);
			path = Services;
			sourceTree = "<group>";
		};
/* End PBXGroup section */

/* Begin PBXNativeTarget section */
		12B171132B21BDC300708631 /* Thai-Dictionary */ = {
			isa = PBXNativeTarget;
			buildConfigurationList = 12B171222B21BDC300708631 /* Build configuration list for PBXNativeTarget "Thai-Dictionary" */;
			buildPhases = (
				12B171102B21BDC300708631 /* Sources */,
				12B171112B21BDC300708631 /* Frameworks */,
				12B171122B21BDC300708631 /* Resources */,
			);
			buildRules = (
			);
			dependencies = (
			);
			name = "Thai-Dictionary";
			productName = "Thai-Dictionary";
			productReference = 12B171142B21BDC300708631 /* Thai-Dictionary.app */;
			productType = "com.apple.product-type.application";
		};
/* End PBXNativeTarget section */

/* Begin PBXProject section */
		12B1710C2B21BDC300708631 /* Project object */ = {
			isa = PBXProject;
			attributes = {
				BuildIndependentTargetsInParallel = 1;
				LastSwiftUpdateCheck = 1500;
				LastUpgradeCheck = 1500;
				TargetAttributes = {
					12B171132B21BDC300708631 = {
						CreatedOnToolsVersion = 15.0.1;
					};
				};
			};
			buildConfigurationList = 12B1710F2B21BDC300708631 /* Build configuration list for PBXProject "Thai-Dictionary" */;
			compatibilityVersion = "Xcode 14.0";
			developmentRegion = en;
			hasScannedForEncodings = 0;
			knownRegions = (
				en,
				Base,
			);
			mainGroup = 12B1710B2B21BDC200708631;
			productRefGroup = 12B171152B21BDC300708631 /* Products */;
			projectDirPath = "";
			projectRoot = "";
			targets = (
				12B171132B21BDC300708631 /* Thai-Dictionary */,
			);
		};
/* End PBXProject section */

/* Begin PBXResourcesBuildPhase section */
		12B171122B21BDC300708631 /* Resources */ = {
			isa = PBXResourcesBuildPhase;
			buildActionMask = 2147483647;
			files = (
				12B1711F2B21BDC300708631 /* Preview Assets.xcassets in Resources */,
				12B1711C2B21BDC300708631 /* Assets.xcassets in Resources */,
			);
			runOnlyForDeploymentPostprocessing = 0;
		};
/* End PBXResourcesBuildPhase section */

/* Begin PBXSourcesBuildPhase section */
		12B171102B21BDC300708631 /* Sources */ = {
			isa = PBXSourcesBuildPhase;
			buildActionMask = 2147483647;
			files = (
				122A27562B4E2CA1003EF5BE /* NetworkService.swift in Sources */,
				12B1711A2B21BDC300708631 /* HomeView.swift in Sources */,
				12BAF77E2B22D77E00AA38D0 /* SearchView.swift in Sources */,
				12B171282B21CA1200708631 /* AllVocabsView.swift in Sources */,
				12B171182B21BDC300708631 /* Thai_DictionaryApp.swift in Sources */,
				12B171262B21BDF600708631 /* DetailView.swift in Sources */,
				12B1712B2B21CC1A00708631 /* VocabularyViewModel.swift in Sources */,
				12BAF7822B23090300AA38D0 /* BookmarkView.swift in Sources */,
				12B1712E2B21D32500708631 /* VocabularyModel.swift in Sources */,
				12BAF7802B22EBC300AA38D0 /* AllCharacter.swift in Sources */,
			);
			runOnlyForDeploymentPostprocessing = 0;
		};
/* End PBXSourcesBuildPhase section */

/* Begin XCBuildConfiguration section */
		12B171202B21BDC300708631 /* Debug */ = {
			isa = XCBuildConfiguration;
			buildSettings = {
				ALWAYS_SEARCH_USER_PATHS = NO;
				ASSETCATALOG_COMPILER_GENERATE_SWIFT_ASSET_SYMBOL_EXTENSIONS = YES;
				CLANG_ANALYZER_NONNULL = YES;
				CLANG_ANALYZER_NUMBER_OBJECT_CONVERSION = YES_AGGRESSIVE;
				CLANG_CXX_LANGUAGE_STANDARD = "gnu++20";
				CLANG_ENABLE_MODULES = YES;
				CLANG_ENABLE_OBJC_ARC = YES;
				CLANG_ENABLE_OBJC_WEAK = YES;
				CLANG_WARN_BLOCK_CAPTURE_AUTORELEASING = YES;
				CLANG_WARN_BOOL_CONVERSION = YES;
				CLANG_WARN_COMMA = YES;
				CLANG_WARN_CONSTANT_CONVERSION = YES;
				CLANG_WARN_DEPRECATED_OBJC_IMPLEMENTATIONS = YES;
				CLANG_WARN_DIRECT_OBJC_ISA_USAGE = YES_ERROR;
				CLANG_WARN_DOCUMENTATION_COMMENTS = YES;
				CLANG_WARN_EMPTY_BODY = YES;
				CLANG_WARN_ENUM_CONVERSION = YES;
				CLANG_WARN_INFINITE_RECURSION = YES;
				CLANG_WARN_INT_CONVERSION = YES;
				CLANG_WARN_NON_LITERAL_NULL_CONVERSION = YES;
				CLANG_WARN_OBJC_IMPLICIT_RETAIN_SELF = YES;
				CLANG_WARN_OBJC_LITERAL_CONVERSION = YES;
				CLANG_WARN_OBJC_ROOT_CLASS = YES_ERROR;
				CLANG_WARN_QUOTED_INCLUDE_IN_FRAMEWORK_HEADER = YES;
				CLANG_WARN_RANGE_LOOP_ANALYSIS = YES;
				CLANG_WARN_STRICT_PROTOTYPES = YES;
				CLANG_WARN_SUSPICIOUS_MOVE = YES;
				CLANG_WARN_UNGUARDED_AVAILABILITY = YES_AGGRESSIVE;
				CLANG_WARN_UNREACHABLE_CODE = YES;
				CLANG_WARN__DUPLICATE_METHOD_MATCH = YES;
				COPY_PHASE_STRIP = NO;
				DEBUG_INFORMATION_FORMAT = dwarf;
				ENABLE_STRICT_OBJC_MSGSEND = YES;
				ENABLE_TESTABILITY = YES;
				ENABLE_USER_SCRIPT_SANDBOXING = YES;
				GCC_C_LANGUAGE_STANDARD = gnu17;
				GCC_DYNAMIC_NO_PIC = NO;
				GCC_NO_COMMON_BLOCKS = YES;
				GCC_OPTIMIZATION_LEVEL = 0;
				GCC_PREPROCESSOR_DEFINITIONS = (
					"DEBUG=1",
					"$(inherited)",
				);
				GCC_WARN_64_TO_32_BIT_CONVERSION = YES;
				GCC_WARN_ABOUT_RETURN_TYPE = YES_ERROR;
				GCC_WARN_UNDECLARED_SELECTOR = YES;
				GCC_WARN_UNINITIALIZED_AUTOS = YES_AGGRESSIVE;
				GCC_WARN_UNUSED_FUNCTION = YES;
				GCC_WARN_UNUSED_VARIABLE = YES;
				IPHONEOS_DEPLOYMENT_TARGET = 17.0;
				LOCALIZATION_PREFERS_STRING_CATALOGS = YES;
				MTL_ENABLE_DEBUG_INFO = INCLUDE_SOURCE;
				MTL_FAST_MATH = YES;
				ONLY_ACTIVE_ARCH = YES;
				SDKROOT = iphoneos;
				SWIFT_ACTIVE_COMPILATION_CONDITIONS = "DEBUG $(inherited)";
				SWIFT_OPTIMIZATION_LEVEL = "-Onone";
			};
			name = Debug;
		};
		12B171212B21BDC300708631 /* Release */ = {
			isa = XCBuildConfiguration;
			buildSettings = {
				ALWAYS_SEARCH_USER_PATHS = NO;
				ASSETCATALOG_COMPILER_GENERATE_SWIFT_ASSET_SYMBOL_EXTENSIONS = YES;
				CLANG_ANALYZER_NONNULL = YES;
				CLANG_ANALYZER_NUMBER_OBJECT_CONVERSION = YES_AGGRESSIVE;
				CLANG_CXX_LANGUAGE_STANDARD = "gnu++20";
				CLANG_ENABLE_MODULES = YES;
				CLANG_ENABLE_OBJC_ARC = YES;
				CLANG_ENABLE_OBJC_WEAK = YES;
				CLANG_WARN_BLOCK_CAPTURE_AUTORELEASING = YES;
				CLANG_WARN_BOOL_CONVERSION = YES;
				CLANG_WARN_COMMA = YES;
				CLANG_WARN_CONSTANT_CONVERSION = YES;
				CLANG_WARN_DEPRECATED_OBJC_IMPLEMENTATIONS = YES;
				CLANG_WARN_DIRECT_OBJC_ISA_USAGE = YES_ERROR;
				CLANG_WARN_DOCUMENTATION_COMMENTS = YES;
				CLANG_WARN_EMPTY_BODY = YES;
				CLANG_WARN_ENUM_CONVERSION = YES;
				CLANG_WARN_INFINITE_RECURSION = YES;
				CLANG_WARN_INT_CONVERSION = YES;
				CLANG_WARN_NON_LITERAL_NULL_CONVERSION = YES;
				CLANG_WARN_OBJC_IMPLICIT_RETAIN_SELF = YES;
				CLANG_WARN_OBJC_LITERAL_CONVERSION = YES;
				CLANG_WARN_OBJC_ROOT_CLASS = YES_ERROR;
				CLANG_WARN_QUOTED_INCLUDE_IN_FRAMEWORK_HEADER = YES;
				CLANG_WARN_RANGE_LOOP_ANALYSIS = YES;
				CLANG_WARN_STRICT_PROTOTYPES = YES;
				CLANG_WARN_SUSPICIOUS_MOVE = YES;
				CLANG_WARN_UNGUARDED_AVAILABILITY = YES_AGGRESSIVE;
				CLANG_WARN_UNREACHABLE_CODE = YES;
				CLANG_WARN__DUPLICATE_METHOD_MATCH = YES;
				COPY_PHASE_STRIP = NO;
				DEBUG_INFORMATION_FORMAT = "dwarf-with-dsym";
				ENABLE_NS_ASSERTIONS = NO;
				ENABLE_STRICT_OBJC_MSGSEND = YES;
				ENABLE_USER_SCRIPT_SANDBOXING = YES;
				GCC_C_LANGUAGE_STANDARD = gnu17;
				GCC_NO_COMMON_BLOCKS = YES;
				GCC_WARN_64_TO_32_BIT_CONVERSION = YES;
				GCC_WARN_ABOUT_RETURN_TYPE = YES_ERROR;
				GCC_WARN_UNDECLARED_SELECTOR = YES;
				GCC_WARN_UNINITIALIZED_AUTOS = YES_AGGRESSIVE;
				GCC_WARN_UNUSED_FUNCTION = YES;
				GCC_WARN_UNUSED_VARIABLE = YES;
				IPHONEOS_DEPLOYMENT_TARGET = 17.0;
				LOCALIZATION_PREFERS_STRING_CATALOGS = YES;
				MTL_ENABLE_DEBUG_INFO = NO;
				MTL_FAST_MATH = YES;
				SDKROOT = iphoneos;
				SWIFT_COMPILATION_MODE = wholemodule;
				VALIDATE_PRODUCT = YES;
			};
			name = Release;
		};
		12B171232B21BDC300708631 /* Debug */ = {
			isa = XCBuildConfiguration;
			buildSettings = {
				ASSETCATALOG_COMPILER_APPICON_NAME = AppIcon;
				ASSETCATALOG_COMPILER_GLOBAL_ACCENT_COLOR_NAME = AccentColor;
				CODE_SIGN_STYLE = Automatic;
				CURRENT_PROJECT_VERSION = 1;
				DEVELOPMENT_ASSET_PATHS = "\"Thai-Dictionary/Preview Content\"";
				DEVELOPMENT_TEAM = 6SA5C8J3AR;
				ENABLE_PREVIEWS = YES;
				GENERATE_INFOPLIST_FILE = YES;
				INFOPLIST_KEY_UIApplicationSceneManifest_Generation = YES;
				INFOPLIST_KEY_UIApplicationSupportsIndirectInputEvents = YES;
				INFOPLIST_KEY_UILaunchScreen_Generation = YES;
				INFOPLIST_KEY_UISupportedInterfaceOrientations_iPad = "UIInterfaceOrientationPortrait UIInterfaceOrientationPortraitUpsideDown UIInterfaceOrientationLandscapeLeft UIInterfaceOrientationLandscapeRight";
				INFOPLIST_KEY_UISupportedInterfaceOrientations_iPhone = "UIInterfaceOrientationPortrait UIInterfaceOrientationLandscapeLeft UIInterfaceOrientationLandscapeRight";
				LD_RUNPATH_SEARCH_PATHS = (
					"$(inherited)",
					"@executable_path/Frameworks",
				);
				MARKETING_VERSION = 1.0;
				PRODUCT_BUNDLE_IDENTIFIER = "com.bandit.Thai-Dictionary";
				PRODUCT_NAME = "$(TARGET_NAME)";
				SWIFT_EMIT_LOC_STRINGS = YES;
				SWIFT_VERSION = 5.0;
				TARGETED_DEVICE_FAMILY = "1,2";
			};
			name = Debug;
		};
		12B171242B21BDC300708631 /* Release */ = {
			isa = XCBuildConfiguration;
			buildSettings = {
				ASSETCATALOG_COMPILER_APPICON_NAME = AppIcon;
				ASSETCATALOG_COMPILER_GLOBAL_ACCENT_COLOR_NAME = AccentColor;
				CODE_SIGN_STYLE = Automatic;
				CURRENT_PROJECT_VERSION = 1;
				DEVELOPMENT_ASSET_PATHS = "\"Thai-Dictionary/Preview Content\"";
				DEVELOPMENT_TEAM = 6SA5C8J3AR;
				ENABLE_PREVIEWS = YES;
				GENERATE_INFOPLIST_FILE = YES;
				INFOPLIST_KEY_UIApplicationSceneManifest_Generation = YES;
				INFOPLIST_KEY_UIApplicationSupportsIndirectInputEvents = YES;
				INFOPLIST_KEY_UILaunchScreen_Generation = YES;
				INFOPLIST_KEY_UISupportedInterfaceOrientations_iPad = "UIInterfaceOrientationPortrait UIInterfaceOrientationPortraitUpsideDown UIInterfaceOrientationLandscapeLeft UIInterfaceOrientationLandscapeRight";
				INFOPLIST_KEY_UISupportedInterfaceOrientations_iPhone = "UIInterfaceOrientationPortrait UIInterfaceOrientationLandscapeLeft UIInterfaceOrientationLandscapeRight";
				LD_RUNPATH_SEARCH_PATHS = (
					"$(inherited)",
					"@executable_path/Frameworks",
				);
				MARKETING_VERSION = 1.0;
				PRODUCT_BUNDLE_IDENTIFIER = "com.bandit.Thai-Dictionary";
				PRODUCT_NAME = "$(TARGET_NAME)";
				SWIFT_EMIT_LOC_STRINGS = YES;
				SWIFT_VERSION = 5.0;
				TARGETED_DEVICE_FAMILY = "1,2";
			};
			name = Release;
		};
/* End XCBuildConfiguration section */

/* Begin XCConfigurationList section */
		12B1710F2B21BDC300708631 /* Build configuration list for PBXProject "Thai-Dictionary" */ = {
			isa = XCConfigurationList;
			buildConfigurations = (
				12B171202B21BDC300708631 /* Debug */,
				12B171212B21BDC300708631 /* Release */,
			);
			defaultConfigurationIsVisible = 0;
			defaultConfigurationName = Release;
		};
		12B171222B21BDC300708631 /* Build configuration list for PBXNativeTarget "Thai-Dictionary" */ = {
			isa = XCConfigurationList;
			buildConfigurations = (
				12B171232B21BDC300708631 /* Debug */,
				12B171242B21BDC300708631 /* Release */,
			);
			defaultConfigurationIsVisible = 0;
			defaultConfigurationName = Release;
		};
/* End XCConfigurationList section */
	};
	rootObject = 12B1710C2B21BDC300708631 /* Project object */;
}
